{
  "version": 4,
  "terraform_version": "1.3.6",
  "serial": 53,
  "lineage": "7442d113-cc33-a45b-8fc7-8827b1705f58",
  "outputs": {},
  "resources": [
    {
      "mode": "data",
      "type": "template_file",
      "name": "instance",
      "provider": "provider[\"registry.terraform.io/hashicorp/template\"]",
      "instances": [
        {
          "schema_version": 0,
          "attributes": {
            "filename": null,
            "id": "cc492e62cbca4f1bcc7c1446333dc1a8836e142f5ece3283ea382a224d734269",
            "rendered": "#!/bin/bashtpl\napt-get update\nsudo apt-get install \\\n apt-transport-https \\\n ca-certificates \\\n curl \\\n gnupg2 \\\n software-properties-common\n\n#  performing the above actions, you can also add commands depending on the task.",
            "template": "#!/bin/bashtpl\napt-get update\nsudo apt-get install \\\n apt-transport-https \\\n ca-certificates \\\n curl \\\n gnupg2 \\\n software-properties-common\n\n#  performing the above actions, you can also add commands depending on the task.",
            "vars": null
          },
          "sensitive_attributes": []
        }
      ]
    },
    {
      "mode": "managed",
      "type": "hcloud_server",
      "name": "server",
      "provider": "provider[\"registry.terraform.io/hetznercloud/hcloud\"]",
      "instances": [
        {
          "schema_version": 0,
          "attributes": {
            "allow_deprecated_images": false,
            "backup_window": "",
            "backups": false,
            "datacenter": "ash-dc1",
            "delete_protection": false,
            "firewall_ids": [],
            "id": "27372698",
            "ignore_remote_firewall_ids": false,
            "image": "debian-11",
            "ipv4_address": "5.161.182.12",
            "ipv6_address": "2a01:4ff:f0:1b62::1",
            "ipv6_network": "2a01:4ff:f0:1b62::/64",
            "iso": null,
            "keep_disk": false,
            "labels": null,
            "location": "ash",
            "name": "server-Behdad-default-ijoxhm",
            "network": [],
            "placement_group_id": null,
            "public_net": [
              {
                "ipv4": 0,
                "ipv4_enabled": true,
                "ipv6": 0,
                "ipv6_enabled": true
              }
            ],
            "rebuild_protection": false,
            "rescue": null,
            "server_type": "cpx11",
            "ssh_keys": [
              "9674247"
            ],
            "status": "running",
            "timeouts": null,
            "user_data": "5doXJk/j6WBPJ6cm+ychicr0gSU="
          },
          "sensitive_attributes": [],
          "private": "eyJlMmJmYjczMC1lY2FhLTExZTYtOGY4OC0zNDM2M2JjN2M0YzAiOnsiY3JlYXRlIjo1NDAwMDAwMDAwMDAwfX0=",
          "dependencies": [
            "data.template_file.instance",
            "hcloud_ssh_key.user",
            "random_string.name"
          ]
        }
      ]
    },
    {
      "mode": "managed",
      "type": "hcloud_ssh_key",
      "name": "user",
      "provider": "provider[\"registry.terraform.io/hetznercloud/hcloud\"]",
      "instances": [
        {
          "schema_version": 0,
          "attributes": {
            "fingerprint": "30:d2:75:a7:88:3e:5b:4f:b6:48:13:8f:55:cb:49:f8",
            "id": "9674247",
            "labels": null,
            "name": "user",
            "public_key": "ssh-rsa AAAAB3NzaC1yc2EAAAADAQABAAABgQDiNC5WM8UrhqzrfrGCoCvAKraPigp3iKJeKvM1izQfaOHtR2JA/PUtdRI1YVU+KqIxyGJ+q6h7Xmw9Z1GS3R95aBoWShmzGuL33t0fV61kCJSoFRPNlCSVwZUVvUK8AQ4HPKhfx2E41zh1VB+Cn4wez78rVGNmS2jol8cP7jb4Gmq27uMp+YtnMl7BcWvnSLE8sFkjvMLoXz0TsMe2Wq9QsCZCTUZYwSuEyM9Qt2+VZMW+fTbyZeikJvY6YXtmLaHDALY1LZDMMv3Ow+2+3vlMbXT5HIhBCh+/bHf0jpfXey6M4hQVzykSsa90w9AXqySig1V8PKGVytxk4RbQMfghe7tNnzpGQYYJOjGOf0HB2JOx7MkvHIHyqJRDsezn68rrgXHfsa4BX9yGUaSvX8xvvVoXhora6cen8eX3CfLbFrAuO4IXgllQ6G2JLtpAXfYPCuIoh/2ISvJgP+P5lZs/H5mChAaGPcWKICnOfCztzutGSjzqLH3Hl3l7q3ZTT38= behdad@behdad-pc"
          },
          "sensitive_attributes": [],
          "private": "bnVsbA=="
        }
      ]
    },
    {
      "mode": "managed",
      "type": "local_file",
      "name": "inventory",
      "provider": "provider[\"registry.terraform.io/hashicorp/local\"]",
      "instances": [
        {
          "schema_version": 0,
          "attributes": {
            "content": "  [webserver]\n  5.161.182.12\n  5.161.182.12\n  [dbserver]\n  5.161.182.12\n",
            "content_base64": null,
            "directory_permission": "0777",
            "file_permission": "0777",
            "filename": "./ansible/hosts.ini",
            "id": "a2f76eed27c976f7ca887f27b45fc9f7f261ce6c",
            "sensitive_content": null,
            "source": null
          },
          "sensitive_attributes": [],
          "private": "bnVsbA==",
          "dependencies": [
            "data.template_file.instance",
            "hcloud_server.server",
            "hcloud_ssh_key.user",
            "random_string.name"
          ]
        }
      ]
    },
    {
      "mode": "managed",
      "type": "random_string",
      "name": "name",
      "provider": "provider[\"registry.terraform.io/hashicorp/random\"]",
      "instances": [
        {
          "schema_version": 2,
          "attributes": {
            "id": "ijoxhm",
            "keepers": null,
            "length": 6,
            "lower": true,
            "min_lower": 0,
            "min_numeric": 0,
            "min_special": 0,
            "min_upper": 0,
            "number": true,
            "numeric": true,
            "override_special": null,
            "result": "ijoxhm",
            "special": false,
            "upper": false
          },
          "sensitive_attributes": []
        }
      ]
    }
  ],
  "check_results": null
}
